{
  "lock_version": 1,
  "suite_name": "general-search-v2-dev-confirm-b",
  "manifest_sha256": "3840a401549469ac7fec5ded82bd24b4adbcd62485f2f30ce78e358107b772a1",
  "catalog_sha256": "0ab356afc52fa8479b627d4a917bc7f31d4cad1b6e021fd618ec17ef773c57c6",
  "generator_version": "search-suite-generator-v2",
  "static_cases": [],
  "generated_cases": [
    {
      "id": "gsv2x-002",
      "family": "star-source-structural-v2",
      "role": "development",
      "seed": 424453490100681303,
      "scenario_sha256": "e200fb9a29c313efa1b19e94ab6266d5dcbfe6f412503db4ed285dcf34aa0827",
      "structural_descriptor": {
        "requested": {
          "grid_topology": "bottleneck",
          "density_band": "d75",
          "source_multiplicity": "2/1",
          "target_overlap": "mixed",
          "copy_symmetry": "high",
          "rotation_entropy": "high"
        },
        "realized": {
          "usable_cells": 49,
          "inventory_area": 37,
          "density_bps": 7551,
          "total_item_instances": 15,
          "distinct_item_definitions": 11,
          "connected_components": 1,
          "articulation_cells": 3,
          "interior_blocked_cells": 3,
          "corridor_cells": 9,
          "source_a_copies": 2,
          "source_b_copies": 1,
          "source_a_area": 2,
          "source_b_area": 4,
          "source_a_rotation_variants": 4,
          "source_b_rotation_variants": 4,
          "a_only_targets": 2,
          "b_only_targets": 2,
          "shared_targets": 2,
          "target_area_1": 3,
          "target_area_2": 2,
          "target_area_3": 1,
          "target_area_4": 0,
          "neutral_filler_instances": 6,
          "duplicate_filler_instances": 5,
          "duplicate_filler_groups": 2,
          "rotation_variants_1": 0,
          "rotation_variants_2": 0,
          "rotation_variants_3_plus": 6,
          "filler_area_1": 0,
          "filler_area_2": 0,
          "filler_area_3": 5,
          "filler_area_4": 1
        }
      }
    },
    {
      "id": "gsv2x-009",
      "family": "star-source-structural-v2",
      "role": "development",
      "seed": 7912115598316940128,
      "scenario_sha256": "2dca67b24c66c0893ef3733515dd15a0bfdcfe6827cf78cd26d184add393384d",
      "structural_descriptor": {
        "requested": {
          "grid_topology": "narrow-corridors",
          "density_band": "d97",
          "source_multiplicity": "2/2",
          "target_overlap": "mixed",
          "copy_symmetry": "low",
          "rotation_entropy": "medium"
        },
        "realized": {
          "usable_cells": 49,
          "inventory_area": 48,
          "density_bps": 9795,
          "total_item_instances": 23,
          "distinct_item_definitions": 21,
          "connected_components": 1,
          "articulation_cells": 6,
          "interior_blocked_cells": 3,
          "corridor_cells": 10,
          "source_a_copies": 2,
          "source_b_copies": 2,
          "source_a_area": 2,
          "source_b_area": 2,
          "source_a_rotation_variants": 4,
          "source_b_rotation_variants": 4,
          "a_only_targets": 2,
          "b_only_targets": 2,
          "shared_targets": 2,
          "target_area_1": 2,
          "target_area_2": 2,
          "target_area_3": 1,
          "target_area_4": 1,
          "neutral_filler_instances": 13,
          "duplicate_filler_instances": 0,
          "duplicate_filler_groups": 0,
          "rotation_variants_1": 0,
          "rotation_variants_2": 13,
          "rotation_variants_3_plus": 0,
          "filler_area_1": 0,
          "filler_area_2": 12,
          "filler_area_3": 1,
          "filler_area_4": 0
        }
      }
    },
    {
      "id": "gsv2x-010",
      "family": "star-source-structural-v2",
      "role": "development",
      "seed": 3632945516588571433,
      "scenario_sha256": "fd0e2f3f049573fde519da84d79553134fc4e43679986568be5850d66748aeb6",
      "structural_descriptor": {
        "requested": {
          "grid_topology": "bottleneck",
          "density_band": "d60",
          "source_multiplicity": "1/1",
          "target_overlap": "mostly-exclusive",
          "copy_symmetry": "high",
          "rotation_entropy": "low"
        },
        "realized": {
          "usable_cells": 49,
          "inventory_area": 29,
          "density_bps": 5918,
          "total_item_instances": 14,
          "distinct_item_definitions": 10,
          "connected_components": 1,
          "articulation_cells": 3,
          "interior_blocked_cells": 3,
          "corridor_cells": 9,
          "source_a_copies": 1,
          "source_b_copies": 1,
          "source_a_area": 2,
          "source_b_area": 3,
          "source_a_rotation_variants": 4,
          "source_b_rotation_variants": 4,
          "a_only_targets": 3,
          "b_only_targets": 3,
          "shared_targets": 0,
          "target_area_1": 4,
          "target_area_2": 1,
          "target_area_3": 1,
          "target_area_4": 0,
          "neutral_filler_instances": 6,
          "duplicate_filler_instances": 6,
          "duplicate_filler_groups": 2,
          "rotation_variants_1": 6,
          "rotation_variants_2": 0,
          "rotation_variants_3_plus": 0,
          "filler_area_1": 3,
          "filler_area_2": 0,
          "filler_area_3": 0,
          "filler_area_4": 3
        }
      }
    },
    {
      "id": "gsv2x-011",
      "family": "star-source-structural-v2",
      "role": "development",
      "seed": 6167804114141772998,
      "scenario_sha256": "3a9661d43024c41724eebe61a9bbe3b312bdcd85ee5949bc11120a593c6de647",
      "structural_descriptor": {
        "requested": {
          "grid_topology": "full",
          "density_band": "d75",
          "source_multiplicity": "1/1",
          "target_overlap": "mostly-shared",
          "copy_symmetry": "low",
          "rotation_entropy": "high"
        },
        "realized": {
          "usable_cells": 54,
          "inventory_area": 41,
          "density_bps": 7592,
          "total_item_instances": 15,
          "distinct_item_definitions": 15,
          "connected_components": 1,
          "articulation_cells": 0,
          "interior_blocked_cells": 0,
          "corridor_cells": 4,
          "source_a_copies": 1,
          "source_b_copies": 1,
          "source_a_area": 3,
          "source_b_area": 2,
          "source_a_rotation_variants": 4,
          "source_b_rotation_variants": 4,
          "a_only_targets": 1,
          "b_only_targets": 1,
          "shared_targets": 4,
          "target_area_1": 2,
          "target_area_2": 1,
          "target_area_3": 2,
          "target_area_4": 1,
          "neutral_filler_instances": 7,
          "duplicate_filler_instances": 0,
          "duplicate_filler_groups": 0,
          "rotation_variants_1": 0,
          "rotation_variants_2": 0,
          "rotation_variants_3_plus": 7,
          "filler_area_1": 0,
          "filler_area_2": 0,
          "filler_area_3": 6,
          "filler_area_4": 1
        }
      }
    },
    {
      "id": "gsv2x-012",
      "family": "star-source-structural-v2",
      "role": "development",
      "seed": 2462218486685153086,
      "scenario_sha256": "125c63e40563345c6fb5a977bbac69abebbef9458b092a5f0f0200132478c5e9",
      "structural_descriptor": {
        "requested": {
          "grid_topology": "full",
          "density_band": "d90",
          "source_multiplicity": "2/2",
          "target_overlap": "mixed",
          "copy_symmetry": "high",
          "rotation_entropy": "medium"
        },
        "realized": {
          "usable_cells": 54,
          "inventory_area": 49,
          "density_bps": 9074,
          "total_item_instances": 19,
          "distinct_item_definitions": 11,
          "connected_components": 1,
          "articulation_cells": 0,
          "interior_blocked_cells": 0,
          "corridor_cells": 4,
          "source_a_copies": 2,
          "source_b_copies": 2,
          "source_a_area": 4,
          "source_b_area": 1,
          "source_a_rotation_variants": 4,
          "source_b_rotation_variants": 4,
          "a_only_targets": 2,
          "b_only_targets": 2,
          "shared_targets": 2,
          "target_area_1": 1,
          "target_area_2": 4,
          "target_area_3": 1,
          "target_area_4": 0,
          "neutral_filler_instances": 9,
          "duplicate_filler_instances": 9,
          "duplicate_filler_groups": 3,
          "rotation_variants_1": 0,
          "rotation_variants_2": 9,
          "rotation_variants_3_plus": 0,
          "filler_area_1": 0,
          "filler_area_2": 3,
          "filler_area_3": 3,
          "filler_area_4": 3
        }
      }
    },
    {
      "id": "gsv2x-013",
      "family": "star-source-structural-v2",
      "role": "development",
      "seed": 7679452717248184622,
      "scenario_sha256": "7f45669b0a66daf3e1cf35f3fa7cb9ef580070f920fdb7c5e278d3713f15f61d",
      "structural_descriptor": {
        "requested": {
          "grid_topology": "holes",
          "density_band": "d97",
          "source_multiplicity": "2/1",
          "target_overlap": "mostly-exclusive",
          "copy_symmetry": "low",
          "rotation_entropy": "low"
        },
        "realized": {
          "usable_cells": 50,
          "inventory_area": 48,
          "density_bps": 9600,
          "total_item_instances": 27,
          "distinct_item_definitions": 26,
          "connected_components": 1,
          "articulation_cells": 0,
          "interior_blocked_cells": 4,
          "corridor_cells": 8,
          "source_a_copies": 2,
          "source_b_copies": 1,
          "source_a_area": 2,
          "source_b_area": 2,
          "source_a_rotation_variants": 4,
          "source_b_rotation_variants": 4,
          "a_only_targets": 3,
          "b_only_targets": 3,
          "shared_targets": 0,
          "target_area_1": 2,
          "target_area_2": 3,
          "target_area_3": 0,
          "target_area_4": 1,
          "neutral_filler_instances": 18,
          "duplicate_filler_instances": 0,
          "duplicate_filler_groups": 0,
          "rotation_variants_1": 18,
          "rotation_variants_2": 0,
          "rotation_variants_3_plus": 0,
          "filler_area_1": 14,
          "filler_area_2": 0,
          "filler_area_3": 0,
          "filler_area_4": 4
        }
      }
    },
    {
      "id": "gsv2x-014",
      "family": "star-source-structural-v2",
      "role": "development",
      "seed": 3997091582448995340,
      "scenario_sha256": "eba721fd91f9ba6ed9eec351799407a06672c73eb34168b2e21bdd9785215385",
      "structural_descriptor": {
        "requested": {
          "grid_topology": "narrow-corridors",
          "density_band": "d60",
          "source_multiplicity": "1/1",
          "target_overlap": "mostly-shared",
          "copy_symmetry": "high",
          "rotation_entropy": "medium"
        },
        "realized": {
          "usable_cells": 49,
          "inventory_area": 29,
          "density_bps": 5918,
          "total_item_instances": 14,
          "distinct_item_definitions": 11,
          "connected_components": 1,
          "articulation_cells": 6,
          "interior_blocked_cells": 3,
          "corridor_cells": 10,
          "source_a_copies": 1,
          "source_b_copies": 1,
          "source_a_area": 2,
          "source_b_area": 1,
          "source_a_rotation_variants": 4,
          "source_b_rotation_variants": 4,
          "a_only_targets": 1,
          "b_only_targets": 1,
          "shared_targets": 4,
          "target_area_1": 2,
          "target_area_2": 1,
          "target_area_3": 3,
          "target_area_4": 0,
          "neutral_filler_instances": 6,
          "duplicate_filler_instances": 5,
          "duplicate_filler_groups": 2,
          "rotation_variants_1": 0,
          "rotation_variants_2": 6,
          "rotation_variants_3_plus": 0,
          "filler_area_1": 0,
          "filler_area_2": 5,
          "filler_area_3": 1,
          "filler_area_4": 0
        }
      }
    },
    {
      "id": "gsv2x-015",
      "family": "star-source-structural-v2",
      "role": "development",
      "seed": 8459277841809897982,
      "scenario_sha256": "12fcb2018fa715df6350a7d3fa2caf669816667ab42e59a30e51cd4e45553a4c",
      "structural_descriptor": {
        "requested": {
          "grid_topology": "bottleneck",
          "density_band": "d60",
          "source_multiplicity": "2/1",
          "target_overlap": "mixed",
          "copy_symmetry": "low",
          "rotation_entropy": "low"
        },
        "realized": {
          "usable_cells": 49,
          "inventory_area": 29,
          "density_bps": 5918,
          "total_item_instances": 11,
          "distinct_item_definitions": 10,
          "connected_components": 1,
          "articulation_cells": 3,
          "interior_blocked_cells": 3,
          "corridor_cells": 9,
          "source_a_copies": 2,
          "source_b_copies": 1,
          "source_a_area": 2,
          "source_b_area": 1,
          "source_a_rotation_variants": 4,
          "source_b_rotation_variants": 4,
          "a_only_targets": 2,
          "b_only_targets": 2,
          "shared_targets": 2,
          "target_area_1": 1,
          "target_area_2": 2,
          "target_area_3": 1,
          "target_area_4": 2,
          "neutral_filler_instances": 2,
          "duplicate_filler_instances": 0,
          "duplicate_filler_groups": 0,
          "rotation_variants_1": 2,
          "rotation_variants_2": 0,
          "rotation_variants_3_plus": 0,
          "filler_area_1": 0,
          "filler_area_2": 0,
          "filler_area_3": 0,
          "filler_area_4": 2
        }
      }
    },
    {
      "id": "gsv2x-020",
      "family": "star-source-structural-v2",
      "role": "development",
      "seed": 9186355185321558719,
      "scenario_sha256": "7028fbd829bdf277151ebd77b07019164b9e8f8b6f2d269b572c460232a24f20",
      "structural_descriptor": {
        "requested": {
          "grid_topology": "bottleneck",
          "density_band": "d97",
          "source_multiplicity": "2/2",
          "target_overlap": "mostly-shared",
          "copy_symmetry": "high",
          "rotation_entropy": "low"
        },
        "realized": {
          "usable_cells": 49,
          "inventory_area": 48,
          "density_bps": 9795,
          "total_item_instances": 23,
          "distinct_item_definitions": 13,
          "connected_components": 1,
          "articulation_cells": 3,
          "interior_blocked_cells": 3,
          "corridor_cells": 9,
          "source_a_copies": 2,
          "source_b_copies": 2,
          "source_a_area": 1,
          "source_b_area": 3,
          "source_a_rotation_variants": 4,
          "source_b_rotation_variants": 4,
          "a_only_targets": 1,
          "b_only_targets": 1,
          "shared_targets": 4,
          "target_area_1": 1,
          "target_area_2": 2,
          "target_area_3": 2,
          "target_area_4": 1,
          "neutral_filler_instances": 13,
          "duplicate_filler_instances": 12,
          "duplicate_filler_groups": 4,
          "rotation_variants_1": 13,
          "rotation_variants_2": 0,
          "rotation_variants_3_plus": 0,
          "filler_area_1": 9,
          "filler_area_2": 0,
          "filler_area_3": 0,
          "filler_area_4": 4
        }
      }
    },
    {
      "id": "gsv2x-021",
      "family": "star-source-structural-v2",
      "role": "development",
      "seed": 9131708560602265593,
      "scenario_sha256": "b1816aa45b5d8c666776fe6f13dd7972653ee1ca518cb98eac9b3fc9f55f8e7b",
      "structural_descriptor": {
        "requested": {
          "grid_topology": "full",
          "density_band": "d90",
          "source_multiplicity": "1/1",
          "target_overlap": "mixed",
          "copy_symmetry": "low",
          "rotation_entropy": "medium"
        },
        "realized": {
          "usable_cells": 54,
          "inventory_area": 49,
          "density_bps": 9074,
          "total_item_instances": 24,
          "distinct_item_definitions": 24,
          "connected_components": 1,
          "articulation_cells": 0,
          "interior_blocked_cells": 0,
          "corridor_cells": 4,
          "source_a_copies": 1,
          "source_b_copies": 1,
          "source_a_area": 1,
          "source_b_area": 1,
          "source_a_rotation_variants": 4,
          "source_b_rotation_variants": 4,
          "a_only_targets": 2,
          "b_only_targets": 2,
          "shared_targets": 2,
          "target_area_1": 2,
          "target_area_2": 2,
          "target_area_3": 2,
          "target_area_4": 0,
          "neutral_filler_instances": 16,
          "duplicate_filler_instances": 0,
          "duplicate_filler_groups": 0,
          "rotation_variants_1": 0,
          "rotation_variants_2": 16,
          "rotation_variants_3_plus": 0,
          "filler_area_1": 0,
          "filler_area_2": 14,
          "filler_area_3": 1,
          "filler_area_4": 1
        }
      }
    },
    {
      "id": "gsv2x-022",
      "family": "star-source-structural-v2",
      "role": "development",
      "seed": 6625344167481310897,
      "scenario_sha256": "5d9a21bd81646ffcec099a8bc8260980fba145d187349b4705dc9e3002a8b214",
      "structural_descriptor": {
        "requested": {
          "grid_topology": "holes",
          "density_band": "d75",
          "source_multiplicity": "2/1",
          "target_overlap": "mostly-exclusive",
          "copy_symmetry": "high",
          "rotation_entropy": "high"
        },
        "realized": {
          "usable_cells": 51,
          "inventory_area": 38,
          "density_bps": 7450,
          "total_item_instances": 15,
          "distinct_item_definitions": 11,
          "connected_components": 1,
          "articulation_cells": 0,
          "interior_blocked_cells": 3,
          "corridor_cells": 7,
          "source_a_copies": 2,
          "source_b_copies": 1,
          "source_a_area": 2,
          "source_b_area": 1,
          "source_a_rotation_variants": 4,
          "source_b_rotation_variants": 4,
          "a_only_targets": 3,
          "b_only_targets": 3,
          "shared_targets": 0,
          "target_area_1": 2,
          "target_area_2": 2,
          "target_area_3": 1,
          "target_area_4": 1,
          "neutral_filler_instances": 6,
          "duplicate_filler_instances": 5,
          "duplicate_filler_groups": 2,
          "rotation_variants_1": 0,
          "rotation_variants_2": 0,
          "rotation_variants_3_plus": 6,
          "filler_area_1": 0,
          "filler_area_2": 0,
          "filler_area_3": 4,
          "filler_area_4": 2
        }
      }
    },
    {
      "id": "gsv2x-026",
      "family": "star-source-structural-v2",
      "role": "development",
      "seed": 4819376554702727258,
      "scenario_sha256": "c0be6897e9f05bdaa17a625f08cb3f3adb4aa42600a7aa2ce50eac3c0df030d7",
      "structural_descriptor": {
        "requested": {
          "grid_topology": "two-lobes",
          "density_band": "d97",
          "source_multiplicity": "2/2",
          "target_overlap": "mixed",
          "copy_symmetry": "high",
          "rotation_entropy": "medium"
        },
        "realized": {
          "usable_cells": 48,
          "inventory_area": 47,
          "density_bps": 9791,
          "total_item_instances": 19,
          "distinct_item_definitions": 11,
          "connected_components": 2,
          "articulation_cells": 0,
          "interior_blocked_cells": 4,
          "corridor_cells": 8,
          "source_a_copies": 2,
          "source_b_copies": 2,
          "source_a_area": 1,
          "source_b_area": 2,
          "source_a_rotation_variants": 4,
          "source_b_rotation_variants": 4,
          "a_only_targets": 2,
          "b_only_targets": 2,
          "shared_targets": 2,
          "target_area_1": 1,
          "target_area_2": 2,
          "target_area_3": 3,
          "target_area_4": 0,
          "neutral_filler_instances": 9,
          "duplicate_filler_instances": 9,
          "duplicate_filler_groups": 3,
          "rotation_variants_1": 0,
          "rotation_variants_2": 9,
          "rotation_variants_3_plus": 0,
          "filler_area_1": 0,
          "filler_area_2": 3,
          "filler_area_3": 3,
          "filler_area_4": 3
        }
      }
    },
    {
      "id": "gsv2x-027",
      "family": "star-source-structural-v2",
      "role": "development",
      "seed": 8905878051354637062,
      "scenario_sha256": "1b95e6992d5c147a60cef200fe952d0e64d383bad5bf507c1356926f57957002",
      "structural_descriptor": {
        "requested": {
          "grid_topology": "narrow-corridors",
          "density_band": "d60",
          "source_multiplicity": "1/1",
          "target_overlap": "mostly-shared",
          "copy_symmetry": "low",
          "rotation_entropy": "high"
        },
        "realized": {
          "usable_cells": 49,
          "inventory_area": 29,
          "density_bps": 5918,
          "total_item_instances": 12,
          "distinct_item_definitions": 12,
          "connected_components": 1,
          "articulation_cells": 6,
          "interior_blocked_cells": 3,
          "corridor_cells": 10,
          "source_a_copies": 1,
          "source_b_copies": 1,
          "source_a_area": 1,
          "source_b_area": 1,
          "source_a_rotation_variants": 4,
          "source_b_rotation_variants": 4,
          "a_only_targets": 1,
          "b_only_targets": 1,
          "shared_targets": 4,
          "target_area_1": 1,
          "target_area_2": 2,
          "target_area_3": 2,
          "target_area_4": 1,
          "neutral_filler_instances": 4,
          "duplicate_filler_instances": 0,
          "duplicate_filler_groups": 0,
          "rotation_variants_1": 0,
          "rotation_variants_2": 0,
          "rotation_variants_3_plus": 4,
          "filler_area_1": 0,
          "filler_area_2": 0,
          "filler_area_3": 4,
          "filler_area_4": 0
        }
      }
    },
    {
      "id": "gsv2x-028",
      "family": "star-source-structural-v2",
      "role": "development",
      "seed": 4681740762271795673,
      "scenario_sha256": "15c4d717629f3f871e21508544bb74fb8859cc118304f50bc3e3c27eae9a1925",
      "structural_descriptor": {
        "requested": {
          "grid_topology": "two-lobes",
          "density_band": "d90",
          "source_multiplicity": "2/1",
          "target_overlap": "mostly-exclusive",
          "copy_symmetry": "high",
          "rotation_entropy": "low"
        },
        "realized": {
          "usable_cells": 48,
          "inventory_area": 43,
          "density_bps": 8958,
          "total_item_instances": 20,
          "distinct_item_definitions": 12,
          "connected_components": 2,
          "articulation_cells": 0,
          "interior_blocked_cells": 4,
          "corridor_cells": 8,
          "source_a_copies": 2,
          "source_b_copies": 1,
          "source_a_area": 2,
          "source_b_area": 2,
          "source_a_rotation_variants": 4,
          "source_b_rotation_variants": 4,
          "a_only_targets": 3,
          "b_only_targets": 3,
          "shared_targets": 0,
          "target_area_1": 4,
          "target_area_2": 0,
          "target_area_3": 1,
          "target_area_4": 1,
          "neutral_filler_instances": 11,
          "duplicate_filler_instances": 11,
          "duplicate_filler_groups": 4,
          "rotation_variants_1": 11,
          "rotation_variants_2": 0,
          "rotation_variants_3_plus": 0,
          "filler_area_1": 6,
          "filler_area_2": 0,
          "filler_area_3": 0,
          "filler_area_4": 5
        }
      }
    },
    {
      "id": "gsv2x-032",
      "family": "star-source-structural-v2",
      "role": "development",
      "seed": 1442542514410123779,
      "scenario_sha256": "a153187e0e969b33dc22732a895f16851dfb28c77f79d58d8f8a5987799221f6",
      "structural_descriptor": {
        "requested": {
          "grid_topology": "narrow-corridors",
          "density_band": "d75",
          "source_multiplicity": "1/1",
          "target_overlap": "mostly-exclusive",
          "copy_symmetry": "low",
          "rotation_entropy": "medium"
        },
        "realized": {
          "usable_cells": 49,
          "inventory_area": 37,
          "density_bps": 7551,
          "total_item_instances": 16,
          "distinct_item_definitions": 16,
          "connected_components": 1,
          "articulation_cells": 6,
          "interior_blocked_cells": 3,
          "corridor_cells": 10,
          "source_a_copies": 1,
          "source_b_copies": 1,
          "source_a_area": 1,
          "source_b_area": 2,
          "source_a_rotation_variants": 4,
          "source_b_rotation_variants": 4,
          "a_only_targets": 3,
          "b_only_targets": 3,
          "shared_targets": 0,
          "target_area_1": 0,
          "target_area_2": 3,
          "target_area_3": 0,
          "target_area_4": 3,
          "neutral_filler_instances": 8,
          "duplicate_filler_instances": 0,
          "duplicate_filler_groups": 0,
          "rotation_variants_1": 0,
          "rotation_variants_2": 8,
          "rotation_variants_3_plus": 0,
          "filler_area_1": 0,
          "filler_area_2": 8,
          "filler_area_3": 0,
          "filler_area_4": 0
        }
      }
    },
    {
      "id": "gsv2x-033",
      "family": "star-source-structural-v2",
      "role": "development",
      "seed": 1709028308347592871,
      "scenario_sha256": "b7ef0b94659d32d9e7554f7ed21a471e4cc8a518245dbf585f5720c8255c4c3b",
      "structural_descriptor": {
        "requested": {
          "grid_topology": "two-lobes",
          "density_band": "d90",
          "source_multiplicity": "2/1",
          "target_overlap": "mixed",
          "copy_symmetry": "high",
          "rotation_entropy": "high"
        },
        "realized": {
          "usable_cells": 48,
          "inventory_area": 43,
          "density_bps": 8958,
          "total_item_instances": 15,
          "distinct_item_definitions": 11,
          "connected_components": 2,
          "articulation_cells": 0,
          "interior_blocked_cells": 4,
          "corridor_cells": 8,
          "source_a_copies": 2,
          "source_b_copies": 1,
          "source_a_area": 4,
          "source_b_area": 4,
          "source_a_rotation_variants": 4,
          "source_b_rotation_variants": 4,
          "a_only_targets": 2,
          "b_only_targets": 2,
          "shared_targets": 2,
          "target_area_1": 2,
          "target_area_2": 3,
          "target_area_3": 1,
          "target_area_4": 0,
          "neutral_filler_instances": 6,
          "duplicate_filler_instances": 5,
          "duplicate_filler_groups": 2,
          "rotation_variants_1": 0,
          "rotation_variants_2": 0,
          "rotation_variants_3_plus": 6,
          "filler_area_1": 0,
          "filler_area_2": 0,
          "filler_area_3": 4,
          "filler_area_4": 2
        }
      }
    },
    {
      "id": "gsv2x-034",
      "family": "star-source-structural-v2",
      "role": "development",
      "seed": 1060748620099591357,
      "scenario_sha256": "f8ef3d16bcf8053801633361fc23317d465d13561c28ccc51e8f08574c2f5c91",
      "structural_descriptor": {
        "requested": {
          "grid_topology": "full",
          "density_band": "d60",
          "source_multiplicity": "2/2",
          "target_overlap": "mostly-shared",
          "copy_symmetry": "low",
          "rotation_entropy": "low"
        },
        "realized": {
          "usable_cells": 54,
          "inventory_area": 32,
          "density_bps": 5925,
          "total_item_instances": 16,
          "distinct_item_definitions": 14,
          "connected_components": 1,
          "articulation_cells": 0,
          "interior_blocked_cells": 0,
          "corridor_cells": 4,
          "source_a_copies": 2,
          "source_b_copies": 2,
          "source_a_area": 2,
          "source_b_area": 4,
          "source_a_rotation_variants": 4,
          "source_b_rotation_variants": 4,
          "a_only_targets": 1,
          "b_only_targets": 1,
          "shared_targets": 4,
          "target_area_1": 1,
          "target_area_2": 3,
          "target_area_3": 1,
          "target_area_4": 1,
          "neutral_filler_instances": 6,
          "duplicate_filler_instances": 0,
          "duplicate_filler_groups": 0,
          "rotation_variants_1": 6,
          "rotation_variants_2": 0,
          "rotation_variants_3_plus": 0,
          "filler_area_1": 6,
          "filler_area_2": 0,
          "filler_area_3": 0,
          "filler_area_4": 0
        }
      }
    },
    {
      "id": "gsv2x-035",
      "family": "star-source-structural-v2",
      "role": "development",
      "seed": 8633749926019529533,
      "scenario_sha256": "ff2d01b54287d497f4390a75fe17c93474b98bd738858ab69aa2cb688e63f470",
      "structural_descriptor": {
        "requested": {
          "grid_topology": "holes",
          "density_band": "d97",
          "source_multiplicity": "2/2",
          "target_overlap": "mostly-exclusive",
          "copy_symmetry": "low",
          "rotation_entropy": "high"
        },
        "realized": {
          "usable_cells": 50,
          "inventory_area": 48,
          "density_bps": 9600,
          "total_item_instances": 18,
          "distinct_item_definitions": 16,
          "connected_components": 1,
          "articulation_cells": 0,
          "interior_blocked_cells": 4,
          "corridor_cells": 7,
          "source_a_copies": 2,
          "source_b_copies": 2,
          "source_a_area": 2,
          "source_b_area": 2,
          "source_a_rotation_variants": 4,
          "source_b_rotation_variants": 4,
          "a_only_targets": 3,
          "b_only_targets": 3,
          "shared_targets": 0,
          "target_area_1": 4,
          "target_area_2": 0,
          "target_area_3": 1,
          "target_area_4": 1,
          "neutral_filler_instances": 8,
          "duplicate_filler_instances": 0,
          "duplicate_filler_groups": 0,
          "rotation_variants_1": 0,
          "rotation_variants_2": 0,
          "rotation_variants_3_plus": 8,
          "filler_area_1": 0,
          "filler_area_2": 0,
          "filler_area_3": 3,
          "filler_area_4": 5
        }
      }
    }
  ],
  "private_cases": []
}
